
Microsoft Visual Studio Solution File, Format Version 12.00
# Visual Studio 15
VisualStudioVersion = 15.0.28010.2046
MinimumVisualStudioVersion = 10.0.40219.1
Project("{FAE04EC0-301F-11D3-BF4B-00C04F79EFBC}") = "Capstone", "Capstone\Capstone.csproj", "{A44112D5-3EF4-4081-A958-6EF3FFFBD7E7}"
EndProject
Global
	GlobalSection(SolutionConfigurationPlatforms) = preSolution
		Debug|Any CPU = Debug|Any CPU
		Release|Any CPU = Release|Any CPU
	EndGlobalSection
	GlobalSection(ProjectConfigurationPlatforms) = postSolution
		{A44112D5-3EF4-4081-A958-6EF3FFFBD7E7}.Debug|Any CPU.ActiveCfg = Debug|Any CPU
		{A44112D5-3EF4-4081-A958-6EF3FFFBD7E7}.Debug|Any CPU.Build.0 = Debug|Any CPU
		{A44112D5-3EF4-4081-A958-6EF3FFFBD7E7}.Release|Any CPU.ActiveCfg = Release|Any CPU
		{A44112D5-3EF4-4081-A958-6EF3FFFBD7E7}.Release|Any CPU.Build.0 = Release|Any CPU
	EndGlobalSection
	GlobalSection(SolutionProperties) = preSolution
		HideSolutionNode = FALSE
	EndGlobalSection
	GlobalSection(ExtensibilityGlobals) = postSolution
		SolutionGuid = {C91F61D7-9F20-4499-A8F6-6B3022FF4109}
	EndGlobalSection
EndGlobal
